
Microsoft Visual Studio Solution File, Format Version 12.00
# Visual Studio Version 16
VisualStudioVersion = 16.0.31112.23
MinimumVisualStudioVersion = 10.0.40219.1
Project("{FAE04EC0-301F-11D3-BF4B-00C04F79EFBC}") = "WebCrm2", "WebCrm2\WebCrm2.csproj", "{1875D890-8717-4338-94A7-EE213ADAE02F}"
EndProject
Global
	GlobalSection(SolutionConfigurationPlatforms) = preSolution
		Debug|Any CPU = Debug|Any CPU
		Release|Any CPU = Release|Any CPU
	EndGlobalSection
	GlobalSection(ProjectConfigurationPlatforms) = postSolution
		{1875D890-8717-4338-94A7-EE213ADAE02F}.Debug|Any CPU.ActiveCfg = Debug|Any CPU
		{1875D890-8717-4338-94A7-EE213ADAE02F}.Debug|Any CPU.Build.0 = Debug|Any CPU
		{1875D890-8717-4338-94A7-EE213ADAE02F}.Release|Any CPU.ActiveCfg = Release|Any CPU
		{1875D890-8717-4338-94A7-EE213ADAE02F}.Release|Any CPU.Build.0 = Release|Any CPU
	EndGlobalSection
	GlobalSection(SolutionProperties) = preSolution
		HideSolutionNode = FALSE
	EndGlobalSection
	GlobalSection(ExtensibilityGlobals) = postSolution
		SolutionGuid = {D7754735-0994-4AE4-BF9A-9DA427728CCC}
	EndGlobalSection
EndGlobal
